
Microsoft Visual Studio Solution File, Format Version 12.00
# Visual Studio 15
VisualStudioVersion = 15.0.27703.2026
MinimumVisualStudioVersion = 10.0.40219.1
Project("{2150E333-8FDC-42A3-9474-1A3956D46DE8}") = "1 - UI", "1 - UI", "{BF74D590-E512-4CE6-9C99-FF5B2AD06F60}"
EndProject
Project("{2150E333-8FDC-42A3-9474-1A3956D46DE8}") = "2 - Application", "2 - Application", "{C853082D-935D-4951-A4AF-C1948FC0BB1C}"
EndProject
Project("{2150E333-8FDC-42A3-9474-1A3956D46DE8}") = "3 - Domain", "3 - Domain", "{F865C179-1B43-4D12-84B2-B4C13343B140}"
EndProject
Project("{2150E333-8FDC-42A3-9474-1A3956D46DE8}") = "4 - Infra", "4 - Infra", "{76A978E1-1B71-47C6-9ACF-D103B87A2C69}"
EndProject
Project("{2150E333-8FDC-42A3-9474-1A3956D46DE8}") = "4.1 - Data", "4.1 - Data", "{18A2BD1E-EBF5-4AA3-9FC1-AFB01DDEF3C3}"
EndProject
Project("{9A19103F-16F7-4668-BE54-9A1E7A4F7556}") = "Store.Infra.Data", "src\Store.Infra.Data\Store.Infra.Data.csproj", "{04E7C03C-38E9-40C2-AF26-7B7933888448}"
EndProject
Project("{9A19103F-16F7-4668-BE54-9A1E7A4F7556}") = "Store.Domain", "src\Store.Domain\Store.Domain.csproj", "{8091E150-07FF-4CF2-8CCF-72843843CCB5}"
EndProject
Project("{2150E333-8FDC-42A3-9474-1A3956D46DE8}") = "4.2 - CrossCutting", "4.2 - CrossCutting", "{F3BA5EF5-814D-4FE2-885A-D6A47C29F71C}"
EndProject
Project("{9A19103F-16F7-4668-BE54-9A1E7A4F7556}") = "Store.DomainShared", "src\Store.DomainShared\Store.DomainShared.csproj", "{256A0AD9-59C9-4508-96DB-894E04893D01}"
EndProject
Project("{9A19103F-16F7-4668-BE54-9A1E7A4F7556}") = "Store.Application", "src\Store.Application\Store.Application.csproj", "{C8DA698D-65A1-427C-B0A3-1AFCB3A7F9FA}"
EndProject
Project("{9A19103F-16F7-4668-BE54-9A1E7A4F7556}") = "Store.UI.Site", "src\Store.UI.Site\Store.UI.Site.csproj", "{8367EBAB-E018-4CBE-80BA-267B69FB3314}"
EndProject
Project("{9A19103F-16F7-4668-BE54-9A1E7A4F7556}") = "Store.Infra.CrossCutting.IoC", "src\Store.Infra.CrossCutting.IoC\Store.Infra.CrossCutting.IoC.csproj", "{BAC4C672-D2DD-426A-9803-FFF138CF5CDB}"
EndProject
Project("{FAE04EC0-301F-11D3-BF4B-00C04F79EFBC}") = "Store.Infra.CrossCutting.Bus", "src\Store.Infra.CrossCutting.Bus\Store.Infra.CrossCutting.Bus.csproj", "{37E41AAB-9452-4B33-ACB8-3517DA238B72}"
EndProject
Global
	GlobalSection(SolutionConfigurationPlatforms) = preSolution
		Debug|Any CPU = Debug|Any CPU
		Release|Any CPU = Release|Any CPU
	EndGlobalSection
	GlobalSection(ProjectConfigurationPlatforms) = postSolution
		{04E7C03C-38E9-40C2-AF26-7B7933888448}.Debug|Any CPU.ActiveCfg = Debug|Any CPU
		{04E7C03C-38E9-40C2-AF26-7B7933888448}.Debug|Any CPU.Build.0 = Debug|Any CPU
		{04E7C03C-38E9-40C2-AF26-7B7933888448}.Release|Any CPU.ActiveCfg = Release|Any CPU
		{04E7C03C-38E9-40C2-AF26-7B7933888448}.Release|Any CPU.Build.0 = Release|Any CPU
		{8091E150-07FF-4CF2-8CCF-72843843CCB5}.Debug|Any CPU.ActiveCfg = Debug|Any CPU
		{8091E150-07FF-4CF2-8CCF-72843843CCB5}.Debug|Any CPU.Build.0 = Debug|Any CPU
		{8091E150-07FF-4CF2-8CCF-72843843CCB5}.Release|Any CPU.ActiveCfg = Release|Any CPU
		{8091E150-07FF-4CF2-8CCF-72843843CCB5}.Release|Any CPU.Build.0 = Release|Any CPU
		{256A0AD9-59C9-4508-96DB-894E04893D01}.Debug|Any CPU.ActiveCfg = Debug|Any CPU
		{256A0AD9-59C9-4508-96DB-894E04893D01}.Debug|Any CPU.Build.0 = Debug|Any CPU
		{256A0AD9-59C9-4508-96DB-894E04893D01}.Release|Any CPU.ActiveCfg = Release|Any CPU
		{256A0AD9-59C9-4508-96DB-894E04893D01}.Release|Any CPU.Build.0 = Release|Any CPU
		{C8DA698D-65A1-427C-B0A3-1AFCB3A7F9FA}.Debug|Any CPU.ActiveCfg = Debug|Any CPU
		{C8DA698D-65A1-427C-B0A3-1AFCB3A7F9FA}.Debug|Any CPU.Build.0 = Debug|Any CPU
		{C8DA698D-65A1-427C-B0A3-1AFCB3A7F9FA}.Release|Any CPU.ActiveCfg = Release|Any CPU
		{C8DA698D-65A1-427C-B0A3-1AFCB3A7F9FA}.Release|Any CPU.Build.0 = Release|Any CPU
		{8367EBAB-E018-4CBE-80BA-267B69FB3314}.Debug|Any CPU.ActiveCfg = Debug|Any CPU
		{8367EBAB-E018-4CBE-80BA-267B69FB3314}.Debug|Any CPU.Build.0 = Debug|Any CPU
		{8367EBAB-E018-4CBE-80BA-267B69FB3314}.Release|Any CPU.ActiveCfg = Release|Any CPU
		{8367EBAB-E018-4CBE-80BA-267B69FB3314}.Release|Any CPU.Build.0 = Release|Any CPU
		{BAC4C672-D2DD-426A-9803-FFF138CF5CDB}.Debug|Any CPU.ActiveCfg = Debug|Any CPU
		{BAC4C672-D2DD-426A-9803-FFF138CF5CDB}.Debug|Any CPU.Build.0 = Debug|Any CPU
		{BAC4C672-D2DD-426A-9803-FFF138CF5CDB}.Release|Any CPU.ActiveCfg = Release|Any CPU
		{BAC4C672-D2DD-426A-9803-FFF138CF5CDB}.Release|Any CPU.Build.0 = Release|Any CPU
		{37E41AAB-9452-4B33-ACB8-3517DA238B72}.Debug|Any CPU.ActiveCfg = Debug|Any CPU
		{37E41AAB-9452-4B33-ACB8-3517DA238B72}.Debug|Any CPU.Build.0 = Debug|Any CPU
		{37E41AAB-9452-4B33-ACB8-3517DA238B72}.Release|Any CPU.ActiveCfg = Release|Any CPU
		{37E41AAB-9452-4B33-ACB8-3517DA238B72}.Release|Any CPU.Build.0 = Release|Any CPU
	EndGlobalSection
	GlobalSection(SolutionProperties) = preSolution
		HideSolutionNode = FALSE
	EndGlobalSection
	GlobalSection(NestedProjects) = preSolution
		{18A2BD1E-EBF5-4AA3-9FC1-AFB01DDEF3C3} = {76A978E1-1B71-47C6-9ACF-D103B87A2C69}
		{04E7C03C-38E9-40C2-AF26-7B7933888448} = {18A2BD1E-EBF5-4AA3-9FC1-AFB01DDEF3C3}
		{8091E150-07FF-4CF2-8CCF-72843843CCB5} = {F865C179-1B43-4D12-84B2-B4C13343B140}
		{F3BA5EF5-814D-4FE2-885A-D6A47C29F71C} = {76A978E1-1B71-47C6-9ACF-D103B87A2C69}
		{256A0AD9-59C9-4508-96DB-894E04893D01} = {F865C179-1B43-4D12-84B2-B4C13343B140}
		{C8DA698D-65A1-427C-B0A3-1AFCB3A7F9FA} = {C853082D-935D-4951-A4AF-C1948FC0BB1C}
		{8367EBAB-E018-4CBE-80BA-267B69FB3314} = {BF74D590-E512-4CE6-9C99-FF5B2AD06F60}
		{BAC4C672-D2DD-426A-9803-FFF138CF5CDB} = {F3BA5EF5-814D-4FE2-885A-D6A47C29F71C}
		{37E41AAB-9452-4B33-ACB8-3517DA238B72} = {F3BA5EF5-814D-4FE2-885A-D6A47C29F71C}
	EndGlobalSection
	GlobalSection(ExtensibilityGlobals) = postSolution
		SolutionGuid = {8946337F-6BCB-4DF8-8788-B6225F7F38E4}
	EndGlobalSection
EndGlobal
